// !$*UTF8*$!
{
	archiveVersion = 1;
	classes = {
	};
	objectVersion = 56;
	objects = {

/* Begin PBXBuildFile section */
		7141853A2AB8C92A00F29BCF /* RegisterView.swift in Sources */ = {isa = PBXBuildFile; fileRef = 714185392AB8C92A00F29BCF /* RegisterView.swift */; };
		7141853C2AB8CAAD00F29BCF /* UserManager.swift in Sources */ = {isa = PBXBuildFile; fileRef = 7141853B2AB8CAAD00F29BCF /* UserManager.swift */; };
		7141853E2AB8D05E00F29BCF /* StarterView.swift in Sources */ = {isa = PBXBuildFile; fileRef = 7141853D2AB8D05E00F29BCF /* StarterView.swift */; };
		714185402AB9599E00F29BCF /* StorageManager.swift in Sources */ = {isa = PBXBuildFile; fileRef = 7141853F2AB9599E00F29BCF /* StorageManager.swift */; };
		71FD18312AB854FD0072F383 /* lesson_403App.swift in Sources */ = {isa = PBXBuildFile; fileRef = 71FD18302AB854FD0072F383 /* lesson_403App.swift */; };
		71FD18332AB854FD0072F383 /* ContentView.swift in Sources */ = {isa = PBXBuildFile; fileRef = 71FD18322AB854FD0072F383 /* ContentView.swift */; };
		71FD18352AB854FF0072F383 /* Assets.xcassets in Resources */ = {isa = PBXBuildFile; fileRef = 71FD18342AB854FF0072F383 /* Assets.xcassets */; };
		71FD18382AB854FF0072F383 /* Preview Assets.xcassets in Resources */ = {isa = PBXBuildFile; fileRef = 71FD18372AB854FF0072F383 /* Preview Assets.xcassets */; };
		71FD183F2AB85A030072F383 /* TimeCounter.swift in Sources */ = {isa = PBXBuildFile; fileRef = 71FD183E2AB85A030072F383 /* TimeCounter.swift */; };
/* End PBXBuildFile section */

/* Begin PBXFileReference section */
		714185392AB8C92A00F29BCF /* RegisterView.swift */ = {isa = PBXFileReference; lastKnownFileType = sourcecode.swift; path = RegisterView.swift; sourceTree = "<group>"; };
		7141853B2AB8CAAD00F29BCF /* UserManager.swift */ = {isa = PBXFileReference; lastKnownFileType = sourcecode.swift; path = UserManager.swift; sourceTree = "<group>"; };
		7141853D2AB8D05E00F29BCF /* StarterView.swift */ = {isa = PBXFileReference; lastKnownFileType = sourcecode.swift; path = StarterView.swift; sourceTree = "<group>"; };
		7141853F2AB9599E00F29BCF /* StorageManager.swift */ = {isa = PBXFileReference; lastKnownFileType = sourcecode.swift; path = StorageManager.swift; sourceTree = "<group>"; };
		71FD182D2AB854FD0072F383 /* lesson 403.app */ = {isa = PBXFileReference; explicitFileType = wrapper.application; includeInIndex = 0; path = "lesson 403.app"; sourceTree = BUILT_PRODUCTS_DIR; };
		71FD18302AB854FD0072F383 /* lesson_403App.swift */ = {isa = PBXFileReference; lastKnownFileType = sourcecode.swift; path = lesson_403App.swift; sourceTree = "<group>"; };
		71FD18322AB854FD0072F383 /* ContentView.swift */ = {isa = PBXFileReference; lastKnownFileType = sourcecode.swift; path = ContentView.swift; sourceTree = "<group>"; };
		71FD18342AB854FF0072F383 /* Assets.xcassets */ = {isa = PBXFileReference; lastKnownFileType = folder.assetcatalog; path = Assets.xcassets; sourceTree = "<group>"; };
		71FD18372AB854FF0072F383 /* Preview Assets.xcassets */ = {isa = PBXFileReference; lastKnownFileType = folder.assetcatalog; path = "Preview Assets.xcassets"; sourceTree = "<group>"; };
		71FD183E2AB85A030072F383 /* TimeCounter.swift */ = {isa = PBXFileReference; lastKnownFileType = sourcecode.swift; path = TimeCounter.swift; sourceTree = "<group>"; };
/* End PBXFileReference section */

/* Begin PBXFrameworksBuildPhase section */
		71FD182A2AB854FD0072F383 /* Frameworks */ = {
			isa = PBXFrameworksBuildPhase;
			buildActionMask = 2147483647;
			files = (
			);
			runOnlyForDeploymentPostprocessing = 0;
		};
/* End PBXFrameworksBuildPhase section */

/* Begin PBXGroup section */
		71FD18242AB854FD0072F383 = {
			isa = PBXGroup;
			children = (
				71FD182F2AB854FD0072F383 /* lesson 403 */,
				71FD182E2AB854FD0072F383 /* Products */,
			);
			sourceTree = "<group>";
		};
		71FD182E2AB854FD0072F383 /* Products */ = {
			isa = PBXGroup;
			children = (
				71FD182D2AB854FD0072F383 /* lesson 403.app */,
			);
			name = Products;
			sourceTree = "<group>";
		};
		71FD182F2AB854FD0072F383 /* lesson 403 */ = {
			isa = PBXGroup;
			children = (
				71FD18302AB854FD0072F383 /* lesson_403App.swift */,
				71FD18322AB854FD0072F383 /* ContentView.swift */,
				71FD183E2AB85A030072F383 /* TimeCounter.swift */,
				714185392AB8C92A00F29BCF /* RegisterView.swift */,
				7141853D2AB8D05E00F29BCF /* StarterView.swift */,
				7141853F2AB9599E00F29BCF /* StorageManager.swift */,
				7141853B2AB8CAAD00F29BCF /* UserManager.swift */,
				71FD18342AB854FF0072F383 /* Assets.xcassets */,
				71FD18362AB854FF0072F383 /* Preview Content */,
			);
			path = "lesson 403";
			sourceTree = "<group>";
		};
		71FD18362AB854FF0072F383 /* Preview Content */ = {
			isa = PBXGroup;
			children = (
				71FD18372AB854FF0072F383 /* Preview Assets.xcassets */,
			);
			path = "Preview Content";
			sourceTree = "<group>";
		};
/* End PBXGroup section */

/* Begin PBXNativeTarget section */
		71FD182C2AB854FD0072F383 /* lesson 403 */ = {
			isa = PBXNativeTarget;
			buildConfigurationList = 71FD183B2AB854FF0072F383 /* Build configuration list for PBXNativeTarget "lesson 403" */;
			buildPhases = (
				71FD18292AB854FD0072F383 /* Sources */,
				71FD182A2AB854FD0072F383 /* Frameworks */,
				71FD182B2AB854FD0072F383 /* Resources */,
			);
			buildRules = (
			);
			dependencies = (
			);
			name = "lesson 403";
			productName = "lesson 403";
			productReference = 71FD182D2AB854FD0072F383 /* lesson 403.app */;
			productType = "com.apple.product-type.application";
		};
/* End PBXNativeTarget section */

/* Begin PBXProject section */
		71FD18252AB854FD0072F383 /* Project object */ = {
			isa = PBXProject;
			attributes = {
				BuildIndependentTargetsInParallel = 1;
				LastSwiftUpdateCheck = 1430;
				LastUpgradeCheck = 1430;
				TargetAttributes = {
					71FD182C2AB854FD0072F383 = {
						CreatedOnToolsVersion = 14.3.1;
					};
				};
			};
			buildConfigurationList = 71FD18282AB854FD0072F383 /* Build configuration list for PBXProject "lesson 403" */;
			compatibilityVersion = "Xcode 14.0";
			developmentRegion = en;
			hasScannedForEncodings = 0;
			knownRegions = (
				en,
				Base,
			);
			mainGroup = 71FD18242AB854FD0072F383;
			productRefGroup = 71FD182E2AB854FD0072F383 /* Products */;
			projectDirPath = "";
			projectRoot = "";
			targets = (
				71FD182C2AB854FD0072F383 /* lesson 403 */,
			);
		};
/* End PBXProject section */

/* Begin PBXResourcesBuildPhase section */
		71FD182B2AB854FD0072F383 /* Resources */ = {
			isa = PBXResourcesBuildPhase;
			buildActionMask = 2147483647;
			files = (
				71FD18382AB854FF0072F383 /* Preview Assets.xcassets in Resources */,
				71FD18352AB854FF0072F383 /* Assets.xcassets in Resources */,
			);
			runOnlyForDeploymentPostprocessing = 0;
		};
/* End PBXResourcesBuildPhase section */

/* Begin PBXSourcesBuildPhase section */
		71FD18292AB854FD0072F383 /* Sources */ = {
			isa = PBXSourcesBuildPhase;
			buildActionMask = 2147483647;
			files = (
				71FD183F2AB85A030072F383 /* TimeCounter.swift in Sources */,
				7141853A2AB8C92A00F29BCF /* RegisterView.swift in Sources */,
				7141853E2AB8D05E00F29BCF /* StarterView.swift in Sources */,
				714185402AB9599E00F29BCF /* StorageManager.swift in Sources */,
				71FD18332AB854FD0072F383 /* ContentView.swift in Sources */,
				7141853C2AB8CAAD00F29BCF /* UserManager.swift in Sources */,
				71FD18312AB854FD0072F383 /* lesson_403App.swift in Sources */,
			);
			runOnlyForDeploymentPostprocessing = 0;
		};
/* End PBXSourcesBuildPhase section */

/* Begin XCBuildConfiguration section */
		71FD18392AB854FF0072F383 /* Debug */ = {
			isa = XCBuildConfiguration;
			buildSettings = {
				ALWAYS_SEARCH_USER_PATHS = NO;
				CLANG_ANALYZER_NONNULL = YES;
				CLANG_ANALYZER_NUMBER_OBJECT_CONVERSION = YES_AGGRESSIVE;
				CLANG_CXX_LANGUAGE_STANDARD = "gnu++20";
				CLANG_ENABLE_MODULES = YES;
				CLANG_ENABLE_OBJC_ARC = YES;
				CLANG_ENABLE_OBJC_WEAK = YES;
				CLANG_WARN_BLOCK_CAPTURE_AUTORELEASING = YES;
				CLANG_WARN_BOOL_CONVERSION = YES;
				CLANG_WARN_COMMA = YES;
				CLANG_WARN_CONSTANT_CONVERSION = YES;
				CLANG_WARN_DEPRECATED_OBJC_IMPLEMENTATIONS = YES;
				CLANG_WARN_DIRECT_OBJC_ISA_USAGE = YES_ERROR;
				CLANG_WARN_DOCUMENTATION_COMMENTS = YES;
				CLANG_WARN_EMPTY_BODY = YES;
				CLANG_WARN_ENUM_CONVERSION = YES;
				CLANG_WARN_INFINITE_RECURSION = YES;
				CLANG_WARN_INT_CONVERSION = YES;
				CLANG_WARN_NON_LITERAL_NULL_CONVERSION = YES;
				CLANG_WARN_OBJC_IMPLICIT_RETAIN_SELF = YES;
				CLANG_WARN_OBJC_LITERAL_CONVERSION = YES;
				CLANG_WARN_OBJC_ROOT_CLASS = YES_ERROR;
				CLANG_WARN_QUOTED_INCLUDE_IN_FRAMEWORK_HEADER = YES;
				CLANG_WARN_RANGE_LOOP_ANALYSIS = YES;
				CLANG_WARN_STRICT_PROTOTYPES = YES;
				CLANG_WARN_SUSPICIOUS_MOVE = YES;
				CLANG_WARN_UNGUARDED_AVAILABILITY = YES_AGGRESSIVE;
				CLANG_WARN_UNREACHABLE_CODE = YES;
				CLANG_WARN__DUPLICATE_METHOD_MATCH = YES;
				COPY_PHASE_STRIP = NO;
				DEBUG_INFORMATION_FORMAT = dwarf;
				ENABLE_STRICT_OBJC_MSGSEND = YES;
				ENABLE_TESTABILITY = YES;
				GCC_C_LANGUAGE_STANDARD = gnu11;
				GCC_DYNAMIC_NO_PIC = NO;
				GCC_NO_COMMON_BLOCKS = YES;
				GCC_OPTIMIZATION_LEVEL = 0;
				GCC_PREPROCESSOR_DEFINITIONS = (
					"DEBUG=1",
					"$(inherited)",
				);
				GCC_WARN_64_TO_32_BIT_CONVERSION = YES;
				GCC_WARN_ABOUT_RETURN_TYPE = YES_ERROR;
				GCC_WARN_UNDECLARED_SELECTOR = YES;
				GCC_WARN_UNINITIALIZED_AUTOS = YES_AGGRESSIVE;
				GCC_WARN_UNUSED_FUNCTION = YES;
				GCC_WARN_UNUSED_VARIABLE = YES;
				IPHONEOS_DEPLOYMENT_TARGET = 16.4;
				MTL_ENABLE_DEBUG_INFO = INCLUDE_SOURCE;
				MTL_FAST_MATH = YES;
				ONLY_ACTIVE_ARCH = YES;
				SDKROOT = iphoneos;
				SWIFT_ACTIVE_COMPILATION_CONDITIONS = DEBUG;
				SWIFT_OPTIMIZATION_LEVEL = "-Onone";
			};
			name = Debug;
		};
		71FD183A2AB854FF0072F383 /* Release */ = {
			isa = XCBuildConfiguration;
			buildSettings = {
				ALWAYS_SEARCH_USER_PATHS = NO;
				CLANG_ANALYZER_NONNULL = YES;
				CLANG_ANALYZER_NUMBER_OBJECT_CONVERSION = YES_AGGRESSIVE;
				CLANG_CXX_LANGUAGE_STANDARD = "gnu++20";
				CLANG_ENABLE_MODULES = YES;
				CLANG_ENABLE_OBJC_ARC = YES;
				CLANG_ENABLE_OBJC_WEAK = YES;
				CLANG_WARN_BLOCK_CAPTURE_AUTORELEASING = YES;
				CLANG_WARN_BOOL_CONVERSION = YES;
				CLANG_WARN_COMMA = YES;
				CLANG_WARN_CONSTANT_CONVERSION = YES;
				CLANG_WARN_DEPRECATED_OBJC_IMPLEMENTATIONS = YES;
				CLANG_WARN_DIRECT_OBJC_ISA_USAGE = YES_ERROR;
				CLANG_WARN_DOCUMENTATION_COMMENTS = YES;
				CLANG_WARN_EMPTY_BODY = YES;
				CLANG_WARN_ENUM_CONVERSION = YES;
				CLANG_WARN_INFINITE_RECURSION = YES;
				CLANG_WARN_INT_CONVERSION = YES;
				CLANG_WARN_NON_LITERAL_NULL_CONVERSION = YES;
				CLANG_WARN_OBJC_IMPLICIT_RETAIN_SELF = YES;
				CLANG_WARN_OBJC_LITERAL_CONVERSION = YES;
				CLANG_WARN_OBJC_ROOT_CLASS = YES_ERROR;
				CLANG_WARN_QUOTED_INCLUDE_IN_FRAMEWORK_HEADER = YES;
				CLANG_WARN_RANGE_LOOP_ANALYSIS = YES;
				CLANG_WARN_STRICT_PROTOTYPES = YES;
				CLANG_WARN_SUSPICIOUS_MOVE = YES;
				CLANG_WARN_UNGUARDED_AVAILABILITY = YES_AGGRESSIVE;
				CLANG_WARN_UNREACHABLE_CODE = YES;
				CLANG_WARN__DUPLICATE_METHOD_MATCH = YES;
				COPY_PHASE_STRIP = NO;
				DEBUG_INFORMATION_FORMAT = "dwarf-with-dsym";
				ENABLE_NS_ASSERTIONS = NO;
				ENABLE_STRICT_OBJC_MSGSEND = YES;
				GCC_C_LANGUAGE_STANDARD = gnu11;
				GCC_NO_COMMON_BLOCKS = YES;
				GCC_WARN_64_TO_32_BIT_CONVERSION = YES;
				GCC_WARN_ABOUT_RETURN_TYPE = YES_ERROR;
				GCC_WARN_UNDECLARED_SELECTOR = YES;
				GCC_WARN_UNINITIALIZED_AUTOS = YES_AGGRESSIVE;
				GCC_WARN_UNUSED_FUNCTION = YES;
				GCC_WARN_UNUSED_VARIABLE = YES;
				IPHONEOS_DEPLOYMENT_TARGET = 16.4;
				MTL_ENABLE_DEBUG_INFO = NO;
				MTL_FAST_MATH = YES;
				SDKROOT = iphoneos;
				SWIFT_COMPILATION_MODE = wholemodule;
				SWIFT_OPTIMIZATION_LEVEL = "-O";
				VALIDATE_PRODUCT = YES;
			};
			name = Release;
		};
		71FD183C2AB854FF0072F383 /* Debug */ = {
			isa = XCBuildConfiguration;
			buildSettings = {
				ASSETCATALOG_COMPILER_APPICON_NAME = AppIcon;
				ASSETCATALOG_COMPILER_GLOBAL_ACCENT_COLOR_NAME = AccentColor;
				CODE_SIGN_STYLE = Automatic;
				CURRENT_PROJECT_VERSION = 1;
				DEVELOPMENT_ASSET_PATHS = "\"lesson 403/Preview Content\"";
				ENABLE_PREVIEWS = YES;
				GENERATE_INFOPLIST_FILE = YES;
				INFOPLIST_KEY_UIApplicationSceneManifest_Generation = YES;
				INFOPLIST_KEY_UIApplicationSupportsIndirectInputEvents = YES;
				INFOPLIST_KEY_UILaunchScreen_Generation = YES;
				INFOPLIST_KEY_UISupportedInterfaceOrientations_iPad = "UIInterfaceOrientationPortrait UIInterfaceOrientationPortraitUpsideDown UIInterfaceOrientationLandscapeLeft UIInterfaceOrientationLandscapeRight";
				INFOPLIST_KEY_UISupportedInterfaceOrientations_iPhone = "UIInterfaceOrientationPortrait UIInterfaceOrientationLandscapeLeft UIInterfaceOrientationLandscapeRight";
				LD_RUNPATH_SEARCH_PATHS = (
					"$(inherited)",
					"@executable_path/Frameworks",
				);
				MARKETING_VERSION = 1.0;
				PRODUCT_BUNDLE_IDENTIFIER = "lalalalal.lesson-403";
				PRODUCT_NAME = "$(TARGET_NAME)";
				SWIFT_EMIT_LOC_STRINGS = YES;
				SWIFT_VERSION = 5.0;
				TARGETED_DEVICE_FAMILY = "1,2";
			};
			name = Debug;
		};
		71FD183D2AB854FF0072F383 /* Release */ = {
			isa = XCBuildConfiguration;
			buildSettings = {
				ASSETCATALOG_COMPILER_APPICON_NAME = AppIcon;
				ASSETCATALOG_COMPILER_GLOBAL_ACCENT_COLOR_NAME = AccentColor;
				CODE_SIGN_STYLE = Automatic;
				CURRENT_PROJECT_VERSION = 1;
				DEVELOPMENT_ASSET_PATHS = "\"lesson 403/Preview Content\"";
				ENABLE_PREVIEWS = YES;
				GENERATE_INFOPLIST_FILE = YES;
				INFOPLIST_KEY_UIApplicationSceneManifest_Generation = YES;
				INFOPLIST_KEY_UIApplicationSupportsIndirectInputEvents = YES;
				INFOPLIST_KEY_UILaunchScreen_Generation = YES;
				INFOPLIST_KEY_UISupportedInterfaceOrientations_iPad = "UIInterfaceOrientationPortrait UIInterfaceOrientationPortraitUpsideDown UIInterfaceOrientationLandscapeLeft UIInterfaceOrientationLandscapeRight";
				INFOPLIST_KEY_UISupportedInterfaceOrientations_iPhone = "UIInterfaceOrientationPortrait UIInterfaceOrientationLandscapeLeft UIInterfaceOrientationLandscapeRight";
				LD_RUNPATH_SEARCH_PATHS = (
					"$(inherited)",
					"@executable_path/Frameworks",
				);
				MARKETING_VERSION = 1.0;
				PRODUCT_BUNDLE_IDENTIFIER = "lalalalal.lesson-403";
				PRODUCT_NAME = "$(TARGET_NAME)";
				SWIFT_EMIT_LOC_STRINGS = YES;
				SWIFT_VERSION = 5.0;
				TARGETED_DEVICE_FAMILY = "1,2";
			};
			name = Release;
		};
/* End XCBuildConfiguration section */

/* Begin XCConfigurationList section */
		71FD18282AB854FD0072F383 /* Build configuration list for PBXProject "lesson 403" */ = {
			isa = XCConfigurationList;
			buildConfigurations = (
				71FD18392AB854FF0072F383 /* Debug */,
				71FD183A2AB854FF0072F383 /* Release */,
			);
			defaultConfigurationIsVisible = 0;
			defaultConfigurationName = Release;
		};
		71FD183B2AB854FF0072F383 /* Build configuration list for PBXNativeTarget "lesson 403" */ = {
			isa = XCConfigurationList;
			buildConfigurations = (
				71FD183C2AB854FF0072F383 /* Debug */,
				71FD183D2AB854FF0072F383 /* Release */,
			);
			defaultConfigurationIsVisible = 0;
			defaultConfigurationName = Release;
		};
/* End XCConfigurationList section */
	};
	rootObject = 71FD18252AB854FD0072F383 /* Project object */;
}
